
Microsoft Visual Studio Solution File, Format Version 12.00
# Visual Studio Version 16
VisualStudioVersion = 16.0.30011.22
MinimumVisualStudioVersion = 10.0.40219.1
Project("{9A19103F-16F7-4668-BE54-9A1E7A4F7556}") = "WordsLearningApp.TelegramBot", "WordsLearningApp.WEB\WordsLearningApp.TelegramBot.csproj", "{AD85D805-EB1C-49AF-B474-3A98967D041C}"
EndProject
Project("{9A19103F-16F7-4668-BE54-9A1E7A4F7556}") = "WordsLearningApp.DAL", "WordsLearningApp.DAL\WordsLearningApp.DAL.csproj", "{A5C7B396-229B-4768-AE90-4084ABA7BC18}"
EndProject
Project("{9A19103F-16F7-4668-BE54-9A1E7A4F7556}") = "WordsLearningApp.BLL", "WordsLearningApp.BLL\WordsLearningApp.BLL.csproj", "{A55746FD-8FEF-45D7-8A8F-4BC5304B4859}"
EndProject
Project("{9A19103F-16F7-4668-BE54-9A1E7A4F7556}") = "WordsLearningApp.Root", "WordsLearningApp.Root\WordsLearningApp.Root.csproj", "{22CB476D-C152-4687-A6DD-BCB54AA854A0}"
EndProject
Project("{9A19103F-16F7-4668-BE54-9A1E7A4F7556}") = "WordsLeanignApp.API", "WordsLeanignApp.API\WordsLeanignApp.API.csproj", "{44FCD49D-ABF9-4E05-BC06-820AD42A7C37}"
EndProject
Project("{2150E333-8FDC-42A3-9474-1A3956D46DE8}") = "Clients", "Clients", "{C900BDC8-D334-48BE-B268-A986F0059A12}"
EndProject
Project("{2150E333-8FDC-42A3-9474-1A3956D46DE8}") = "NewFolder1", "NewFolder1", "{0A9D3925-1D73-4E29-B98C-A04E588B125E}"
EndProject
Global
	GlobalSection(SolutionConfigurationPlatforms) = preSolution
		Debug|Any CPU = Debug|Any CPU
		Release|Any CPU = Release|Any CPU
	EndGlobalSection
	GlobalSection(ProjectConfigurationPlatforms) = postSolution
		{AD85D805-EB1C-49AF-B474-3A98967D041C}.Debug|Any CPU.ActiveCfg = Debug|Any CPU
		{AD85D805-EB1C-49AF-B474-3A98967D041C}.Debug|Any CPU.Build.0 = Debug|Any CPU
		{AD85D805-EB1C-49AF-B474-3A98967D041C}.Release|Any CPU.ActiveCfg = Release|Any CPU
		{AD85D805-EB1C-49AF-B474-3A98967D041C}.Release|Any CPU.Build.0 = Release|Any CPU
		{A5C7B396-229B-4768-AE90-4084ABA7BC18}.Debug|Any CPU.ActiveCfg = Debug|Any CPU
		{A5C7B396-229B-4768-AE90-4084ABA7BC18}.Debug|Any CPU.Build.0 = Debug|Any CPU
		{A5C7B396-229B-4768-AE90-4084ABA7BC18}.Release|Any CPU.ActiveCfg = Release|Any CPU
		{A5C7B396-229B-4768-AE90-4084ABA7BC18}.Release|Any CPU.Build.0 = Release|Any CPU
		{A55746FD-8FEF-45D7-8A8F-4BC5304B4859}.Debug|Any CPU.ActiveCfg = Debug|Any CPU
		{A55746FD-8FEF-45D7-8A8F-4BC5304B4859}.Debug|Any CPU.Build.0 = Debug|Any CPU
		{A55746FD-8FEF-45D7-8A8F-4BC5304B4859}.Release|Any CPU.ActiveCfg = Release|Any CPU
		{A55746FD-8FEF-45D7-8A8F-4BC5304B4859}.Release|Any CPU.Build.0 = Release|Any CPU
		{22CB476D-C152-4687-A6DD-BCB54AA854A0}.Debug|Any CPU.ActiveCfg = Debug|Any CPU
		{22CB476D-C152-4687-A6DD-BCB54AA854A0}.Debug|Any CPU.Build.0 = Debug|Any CPU
		{22CB476D-C152-4687-A6DD-BCB54AA854A0}.Release|Any CPU.ActiveCfg = Release|Any CPU
		{22CB476D-C152-4687-A6DD-BCB54AA854A0}.Release|Any CPU.Build.0 = Release|Any CPU
		{44FCD49D-ABF9-4E05-BC06-820AD42A7C37}.Debug|Any CPU.ActiveCfg = Debug|Any CPU
		{44FCD49D-ABF9-4E05-BC06-820AD42A7C37}.Debug|Any CPU.Build.0 = Debug|Any CPU
		{44FCD49D-ABF9-4E05-BC06-820AD42A7C37}.Release|Any CPU.ActiveCfg = Release|Any CPU
		{44FCD49D-ABF9-4E05-BC06-820AD42A7C37}.Release|Any CPU.Build.0 = Release|Any CPU
	EndGlobalSection
	GlobalSection(SolutionProperties) = preSolution
		HideSolutionNode = FALSE
	EndGlobalSection
	GlobalSection(NestedProjects) = preSolution
		{AD85D805-EB1C-49AF-B474-3A98967D041C} = {C900BDC8-D334-48BE-B268-A986F0059A12}
	EndGlobalSection
	GlobalSection(ExtensibilityGlobals) = postSolution
		SolutionGuid = {5BDDE53D-5516-4A96-AF16-16320944B5BF}
	EndGlobalSection
EndGlobal
